
Microsoft Visual Studio Solution File, Format Version 12.00
# Visual Studio Version 17
VisualStudioVersion = 17.2.32505.173
MinimumVisualStudioVersion = 10.0.40219.1
Project("{2150E333-8FDC-42A3-9474-1A3956D46DE8}") = "Extensions", "Extensions", "{16F2FFE3-777D-4F0C-A740-B55D0AD9C713}"
EndProject
Project("{FAE04EC0-301F-11D3-BF4B-00C04F79EFBC}") = "dnSpy.Analyzer", "Extensions\dnSpy.Analyzer\dnSpy.Analyzer.csproj", "{4EBC7ED0-45F9-47D1-8127-032168A35C70}"
EndProject
Project("{2150E333-8FDC-42A3-9474-1A3956D46DE8}") = "dnSpy", "dnSpy", "{620739DE-DB2D-4950-8F35-967E3040E024}"
EndProject
Project("{FAE04EC0-301F-11D3-BF4B-00C04F79EFBC}") = "dnSpy", "dnSpy\dnSpy\dnSpy.csproj", "{CB28ACA9-8A90-4A48-85B0-90B17D4A5A61}"
EndProject
Project("{FAE04EC0-301F-11D3-BF4B-00C04F79EFBC}") = "dnSpy.Console", "dnSpy\dnSpy.Console\dnSpy.Console.csproj", "{7C58CC5C-C87A-44C5-96C5-7E4D1A5EAE5A}"
EndProject
Project("{FAE04EC0-301F-11D3-BF4B-00C04F79EFBC}") = "dnSpy.Contracts.Logic", "dnSpy\dnSpy.Contracts.Logic\dnSpy.Contracts.Logic.csproj", "{8524B044-74D1-433F-A70D-5F3B063459D8}"
EndProject
Project("{FAE04EC0-301F-11D3-BF4B-00C04F79EFBC}") = "dnSpy.Contracts.Debugger", "dnSpy\dnSpy.Contracts.Debugger\dnSpy.Contracts.Debugger.csproj", "{28667C77-66DD-4508-B625-D7BAE75BAA68}"
EndProject
Project("{FAE04EC0-301F-11D3-BF4B-00C04F79EFBC}") = "dnSpy.Contracts.Debugger.DotNet", "dnSpy\dnSpy.Contracts.Debugger.DotNet\dnSpy.Contracts.Debugger.DotNet.csproj", "{D7C74748-6639-4F74-AB47-1A377D61DB3F}"
EndProject
Project("{FAE04EC0-301F-11D3-BF4B-00C04F79EFBC}") = "dnSpy.Contracts.Debugger.DotNet.CorDebug", "dnSpy\dnSpy.Contracts.Debugger.DotNet.CorDebug\dnSpy.Contracts.Debugger.DotNet.CorDebug.csproj", "{4153BC7E-160D-46CB-A7B6-496E7E47FD69}"
EndProject
Project("{FAE04EC0-301F-11D3-BF4B-00C04F79EFBC}") = "dnSpy.Contracts.Debugger.DotNet.Mono", "dnSpy\dnSpy.Contracts.Debugger.DotNet.Mono\dnSpy.Contracts.Debugger.DotNet.Mono.csproj", "{480302F0-9918-4710-A0AD-662A16FCCA7F}"
EndProject
Project("{FAE04EC0-301F-11D3-BF4B-00C04F79EFBC}") = "dnSpy.Contracts.DnSpy", "dnSpy\dnSpy.Contracts.DnSpy\dnSpy.Contracts.DnSpy.csproj", "{B76F7BA6-E68D-4F76-9007-B3AA48610818}"
EndProject
Project("{FAE04EC0-301F-11D3-BF4B-00C04F79EFBC}") = "dnSpy.Decompiler", "dnSpy\dnSpy.Decompiler\dnSpy.Decompiler.csproj", "{69A494B9-BED7-4FC9-BA76-B32E2BC31148}"
EndProject
Project("{FAE04EC0-301F-11D3-BF4B-00C04F79EFBC}") = "dnSpy.Images", "dnSpy\dnSpy.Images\dnSpy.Images.csproj", "{94BD0B19-EF95-4915-AD07-FA5BEB3947F9}"
EndProject
Project("{2150E333-8FDC-42A3-9474-1A3956D46DE8}") = "Roslyn", "Roslyn", "{AF78CCD9-767D-446F-AEE9-49D3CF87DE8F}"
EndProject
Project("{FAE04EC0-301F-11D3-BF4B-00C04F79EFBC}") = "dnSpy.Roslyn", "dnSpy\Roslyn\dnSpy.Roslyn\dnSpy.Roslyn.csproj", "{A5D931E8-0F85-430C-BB59-D8D7F4A12F0E}"
EndProject
Project("{FAE04EC0-301F-11D3-BF4B-00C04F79EFBC}") = "dnSpy.Roslyn.CSharp.EditorFeatures", "dnSpy\Roslyn\dnSpy.Roslyn.CSharp.EditorFeatures\dnSpy.Roslyn.CSharp.EditorFeatures.csproj", "{D6582A7E-DBBE-4A48-A55D-5456AF95031A}"
EndProject
Project("{FAE04EC0-301F-11D3-BF4B-00C04F79EFBC}") = "dnSpy.Roslyn.CSharp.Internal", "dnSpy\Roslyn\dnSpy.Roslyn.CSharp.Internal\dnSpy.Roslyn.CSharp.Internal.csproj", "{CBD53CD8-9790-4CE8-9A17-7040BA37FE19}"
EndProject
Project("{FAE04EC0-301F-11D3-BF4B-00C04F79EFBC}") = "dnSpy.Roslyn.EditorFeatures", "dnSpy\Roslyn\dnSpy.Roslyn.EditorFeatures\dnSpy.Roslyn.EditorFeatures.csproj", "{DF00B823-E18D-4655-B555-FBD7F7214E8C}"
EndProject
Project("{FAE04EC0-301F-11D3-BF4B-00C04F79EFBC}") = "dnSpy.Roslyn.Internal", "dnSpy\Roslyn\dnSpy.Roslyn.Internal\dnSpy.Roslyn.Internal.csproj", "{1D97B2B6-0BE0-435D-8C32-2C5D3D7DE25F}"
EndProject
Project("{F184B08F-C81C-45F6-A57F-5ABD9991F28F}") = "dnSpy.Roslyn.VisualBasic.EditorFeatures", "dnSpy\Roslyn\dnSpy.Roslyn.VisualBasic.EditorFeatures\dnSpy.Roslyn.VisualBasic.EditorFeatures.vbproj", "{61148383-0190-4E64-BD0B-915B5C17599E}"
EndProject
Project("{F184B08F-C81C-45F6-A57F-5ABD9991F28F}") = "dnSpy.Roslyn.VisualBasic.Internal", "dnSpy\Roslyn\dnSpy.Roslyn.VisualBasic.Internal\dnSpy.Roslyn.VisualBasic.Internal.vbproj", "{76C3B0C3-DD58-46D6-A611-F4148F980139}"
EndProject
Project("{2150E333-8FDC-42A3-9474-1A3956D46DE8}") = "Build", "Build", "{7E3B86FC-1CF9-489B-8B3C-C653C38B8573}"
EndProject
Project("{FAE04EC0-301F-11D3-BF4B-00C04F79EFBC}") = "AppHostPatcher", "Build\AppHostPatcher\AppHostPatcher.csproj", "{BF9B2670-5AD3-4623-B4DA-B9094DB085F3}"
EndProject
Project("{FAE04EC0-301F-11D3-BF4B-00C04F79EFBC}") = "ConvertToNetstandardReferences", "Build\ConvertToNetstandardReferences\ConvertToNetstandardReferences.csproj", "{7536D140-6723-476E-8A69-6DCE1BC073FC}"
EndProject
Project("{FAE04EC0-301F-11D3-BF4B-00C04F79EFBC}") = "MakeEverythingPublic", "Build\MakeEverythingPublic\MakeEverythingPublic.csproj", "{3349FE20-6EC9-481C-A42F-D3E862FB0369}"
EndProject
Project("{FAE04EC0-301F-11D3-BF4B-00C04F79EFBC}") = "PatchSubSystem", "Build\PatchSubSystem\PatchSubSystem.csproj", "{DBB9DF38-562F-4EA2-BEA1-686E0964F71C}"
EndProject
Project("{FAE04EC0-301F-11D3-BF4B-00C04F79EFBC}") = "dnSpy.AsmEditor", "Extensions\dnSpy.AsmEditor\dnSpy.AsmEditor.csproj", "{322F2A93-FEEB-4E34-BEE5-BFA2C48FA2DD}"
EndProject
Project("{FAE04EC0-301F-11D3-BF4B-00C04F79EFBC}") = "dnSpy.BamlDecompiler", "Extensions\dnSpy.BamlDecompiler\dnSpy.BamlDecompiler.csproj", "{5DC4CEEE-AB63-42E3-92EF-6458C1CEF052}"
EndProject
Project("{FAE04EC0-301F-11D3-BF4B-00C04F79EFBC}") = "dnSpy.Scripting.Roslyn", "Extensions\dnSpy.Scripting.Roslyn\dnSpy.Scripting.Roslyn.csproj", "{ECE864AA-EFF5-44F7-A712-0C10237F97C5}"
EndProject
Project("{FAE04EC0-301F-11D3-BF4B-00C04F79EFBC}") = "dnSpy.Decompiler.ILSpy", "Extensions\ILSpy.Decompiler\dnSpy.Decompiler.ILSpy\dnSpy.Decompiler.ILSpy.csproj", "{E9CEF781-7529-4F25-8862-C4BFE408CD29}"
EndProject
Project("{FAE04EC0-301F-11D3-BF4B-00C04F79EFBC}") = "dnSpy.Decompiler.ILSpy.Core", "Extensions\ILSpy.Decompiler\dnSpy.Decompiler.ILSpy.Core\dnSpy.Decompiler.ILSpy.Core.csproj", "{1F0060FF-2142-4646-9553-7A5719E679CC}"
EndProject
Project("{FAE04EC0-301F-11D3-BF4B-00C04F79EFBC}") = "ICSharpCode.Decompiler", "Extensions\ILSpy.Decompiler\ICSharpCode.Decompiler\ICSharpCode.Decompiler\ICSharpCode.Decompiler.csproj", "{B48E3F25-22FB-4957-A6B3-60228B1ADEB4}"
EndProject
Project("{FAE04EC0-301F-11D3-BF4B-00C04F79EFBC}") = "ICSharpCode.NRefactory", "Extensions\ILSpy.Decompiler\NRefactory\ICSharpCode.NRefactory\ICSharpCode.NRefactory.csproj", "{8E0DE5B3-1006-43B0-A810-7C5BA0948E78}"
EndProject
Project("{FAE04EC0-301F-11D3-BF4B-00C04F79EFBC}") = "ICSharpCode.NRefactory.CSharp", "Extensions\ILSpy.Decompiler\NRefactory\ICSharpCode.NRefactory.CSharp\ICSharpCode.NRefactory.CSharp.csproj", "{C14D01E8-7941-4807-ACA1-84BAF5FA7EB5}"
EndProject
Project("{FAE04EC0-301F-11D3-BF4B-00C04F79EFBC}") = "dnSpy.Debugger", "Extensions\dnSpy.Debugger\dnSpy.Debugger\dnSpy.Debugger.csproj", "{703825CD-E5EE-4819-934F-623666DADBAD}"
EndProject
Project("{FAE04EC0-301F-11D3-BF4B-00C04F79EFBC}") = "ExpressionCompiler", "dnSpy\Roslyn\Roslyn.ExpressionCompiler\Core\ExpressionCompiler\ExpressionCompiler.csproj", "{0D4B2A70-7B27-4F3B-B340-8B609069FF3D}"
EndProject
Project("{FAE04EC0-301F-11D3-BF4B-00C04F79EFBC}") = "CSharpExpressionCompiler", "dnSpy\Roslyn\Roslyn.ExpressionCompiler\CSharp\CSharpExpressionCompiler\CSharpExpressionCompiler.csproj", "{17F18BE6-B7C0-431C-AC05-49FEDAD9F502}"
EndProject
Project("{F184B08F-C81C-45F6-A57F-5ABD9991F28F}") = "BasicExpressionCompiler", "dnSpy\Roslyn\Roslyn.ExpressionCompiler\VisualBasic\BasicExpressionCompiler\BasicExpressionCompiler.vbproj", "{2F892257-1FD6-4738-9EC2-B3B9344FAAC4}"
EndProject
Project("{FAE04EC0-301F-11D3-BF4B-00C04F79EFBC}") = "ICSharpCode.NRefactory.VB", "Extensions\ILSpy.Decompiler\ICSharpCode.Decompiler\NRefactory.VB\ICSharpCode.NRefactory.VB\ICSharpCode.NRefactory.VB.csproj", "{2E778567-333E-47C3-9F84-1C831B060F2E}"
EndProject
Project("{FAE04EC0-301F-11D3-BF4B-00C04F79EFBC}") = "dnSpy.Debugger.DotNet.CorDebug", "Extensions\dnSpy.Debugger\dnSpy.Debugger.DotNet.CorDebug\dnSpy.Debugger.DotNet.CorDebug.csproj", "{B47B5F10-71D6-440F-8904-BB6C5B80EED5}"
EndProject
Project("{FAE04EC0-301F-11D3-BF4B-00C04F79EFBC}") = "dnSpy.Debugger.DotNet.Interpreter", "Extensions\dnSpy.Debugger\dnSpy.Debugger.DotNet.Interpreter\dnSpy.Debugger.DotNet.Interpreter.csproj", "{FF668ACD-8358-4577-805F-38ACFFAA2C64}"
EndProject
Project("{FAE04EC0-301F-11D3-BF4B-00C04F79EFBC}") = "dnSpy.Debugger.DotNet.Metadata", "Extensions\dnSpy.Debugger\dnSpy.Debugger.DotNet.Metadata\dnSpy.Debugger.DotNet.Metadata.csproj", "{7D98AD4B-DE7D-4FDA-A56D-34F3F4BAF5BC}"
EndProject
Project("{FAE04EC0-301F-11D3-BF4B-00C04F79EFBC}") = "Mono.Debugger.Soft", "Extensions\dnSpy.Debugger\Mono.Debugger.Soft\Mono.Debugger.Soft.csproj", "{61A6E150-FB14-4BEA-AB41-63B1DC8EBAAF}"
EndProject
Project("{FAE04EC0-301F-11D3-BF4B-00C04F79EFBC}") = "dnSpy.Debugger.DotNet.Mono", "Extensions\dnSpy.Debugger\dnSpy.Debugger.DotNet.Mono\dnSpy.Debugger.DotNet.Mono.csproj", "{F6A89800-B0AA-413B-B8C9-24688F4D0C60}"
EndProject
Project("{FAE04EC0-301F-11D3-BF4B-00C04F79EFBC}") = "AppHostInfoGenerator", "Extensions\dnSpy.Debugger\AppHostInfoGenerator\AppHostInfoGenerator.csproj", "{95F29F52-157F-4883-BF79-BC979C0EA6E5}"
EndProject
Project("{FAE04EC0-301F-11D3-BF4B-00C04F79EFBC}") = "dnSpy.Debugger.DotNet", "Extensions\dnSpy.Debugger\dnSpy.Debugger.DotNet\dnSpy.Debugger.DotNet.csproj", "{DDA6C5DA-0032-42D6-AA69-BD0285E83D02}"
EndProject
Project("{2150E333-8FDC-42A3-9474-1A3956D46DE8}") = "ILSpy.Decompiler", "ILSpy.Decompiler", "{278DEB72-F220-4730-B0BC-EDED3A2E09D0}"
EndProject
Project("{2150E333-8FDC-42A3-9474-1A3956D46DE8}") = "dnSpy.Debugger", "dnSpy.Debugger", "{9F663129-DFAE-45C6-BA89-67898C244E35}"
EndProject
Project("{2150E333-8FDC-42A3-9474-1A3956D46DE8}") = "ExpressionCompiler", "ExpressionCompiler", "{E8405E00-EAAF-4B13-A9FC-65DA48AAE8F3}"
EndProject
Project("{FAE04EC0-301F-11D3-BF4B-00C04F79EFBC}") = "MyApp", "dnSpy\MyApp\MyApp.csproj", "{E73CACB4-108F-4914-A064-66AD466F9E6D}"
EndProject
Global
	GlobalSection(SolutionConfigurationPlatforms) = preSolution
		Debug|Any CPU = Debug|Any CPU
		Release|Any CPU = Release|Any CPU
	EndGlobalSection
	GlobalSection(SolutionProperties) = preSolution
		HideSolutionNode = FALSE
	EndGlobalSection
	GlobalSection(NestedProjects) = preSolution
		{4EBC7ED0-45F9-47D1-8127-032168A35C70} = {16F2FFE3-777D-4F0C-A740-B55D0AD9C713}
		{CB28ACA9-8A90-4A48-85B0-90B17D4A5A61} = {620739DE-DB2D-4950-8F35-967E3040E024}
		{7C58CC5C-C87A-44C5-96C5-7E4D1A5EAE5A} = {620739DE-DB2D-4950-8F35-967E3040E024}
		{8524B044-74D1-433F-A70D-5F3B063459D8} = {620739DE-DB2D-4950-8F35-967E3040E024}
		{28667C77-66DD-4508-B625-D7BAE75BAA68} = {620739DE-DB2D-4950-8F35-967E3040E024}
		{D7C74748-6639-4F74-AB47-1A377D61DB3F} = {620739DE-DB2D-4950-8F35-967E3040E024}
		{4153BC7E-160D-46CB-A7B6-496E7E47FD69} = {620739DE-DB2D-4950-8F35-967E3040E024}
		{480302F0-9918-4710-A0AD-662A16FCCA7F} = {620739DE-DB2D-4950-8F35-967E3040E024}
		{B76F7BA6-E68D-4F76-9007-B3AA48610818} = {620739DE-DB2D-4950-8F35-967E3040E024}
		{69A494B9-BED7-4FC9-BA76-B32E2BC31148} = {620739DE-DB2D-4950-8F35-967E3040E024}
		{94BD0B19-EF95-4915-AD07-FA5BEB3947F9} = {620739DE-DB2D-4950-8F35-967E3040E024}
		{AF78CCD9-767D-446F-AEE9-49D3CF87DE8F} = {620739DE-DB2D-4950-8F35-967E3040E024}
		{A5D931E8-0F85-430C-BB59-D8D7F4A12F0E} = {AF78CCD9-767D-446F-AEE9-49D3CF87DE8F}
		{D6582A7E-DBBE-4A48-A55D-5456AF95031A} = {AF78CCD9-767D-446F-AEE9-49D3CF87DE8F}
		{CBD53CD8-9790-4CE8-9A17-7040BA37FE19} = {AF78CCD9-767D-446F-AEE9-49D3CF87DE8F}
		{DF00B823-E18D-4655-B555-FBD7F7214E8C} = {AF78CCD9-767D-446F-AEE9-49D3CF87DE8F}
		{1D97B2B6-0BE0-435D-8C32-2C5D3D7DE25F} = {AF78CCD9-767D-446F-AEE9-49D3CF87DE8F}
		{61148383-0190-4E64-BD0B-915B5C17599E} = {AF78CCD9-767D-446F-AEE9-49D3CF87DE8F}
		{76C3B0C3-DD58-46D6-A611-F4148F980139} = {AF78CCD9-767D-446F-AEE9-49D3CF87DE8F}
		{BF9B2670-5AD3-4623-B4DA-B9094DB085F3} = {7E3B86FC-1CF9-489B-8B3C-C653C38B8573}
		{7536D140-6723-476E-8A69-6DCE1BC073FC} = {7E3B86FC-1CF9-489B-8B3C-C653C38B8573}
		{3349FE20-6EC9-481C-A42F-D3E862FB0369} = {7E3B86FC-1CF9-489B-8B3C-C653C38B8573}
		{DBB9DF38-562F-4EA2-BEA1-686E0964F71C} = {7E3B86FC-1CF9-489B-8B3C-C653C38B8573}
		{322F2A93-FEEB-4E34-BEE5-BFA2C48FA2DD} = {16F2FFE3-777D-4F0C-A740-B55D0AD9C713}
		{5DC4CEEE-AB63-42E3-92EF-6458C1CEF052} = {16F2FFE3-777D-4F0C-A740-B55D0AD9C713}
		{ECE864AA-EFF5-44F7-A712-0C10237F97C5} = {16F2FFE3-777D-4F0C-A740-B55D0AD9C713}
		{278DEB72-F220-4730-B0BC-EDED3A2E09D0} = {16F2FFE3-777D-4F0C-A740-B55D0AD9C713}
		{E9CEF781-7529-4F25-8862-C4BFE408CD29} = {278DEB72-F220-4730-B0BC-EDED3A2E09D0}
		{B48E3F25-22FB-4957-A6B3-60228B1ADEB4} = {278DEB72-F220-4730-B0BC-EDED3A2E09D0}
		{8E0DE5B3-1006-43B0-A810-7C5BA0948E78} = {278DEB72-F220-4730-B0BC-EDED3A2E09D0}
		{C14D01E8-7941-4807-ACA1-84BAF5FA7EB5} = {278DEB72-F220-4730-B0BC-EDED3A2E09D0}
		{2E778567-333E-47C3-9F84-1C831B060F2E} = {278DEB72-F220-4730-B0BC-EDED3A2E09D0}
		{1F0060FF-2142-4646-9553-7A5719E679CC} = {278DEB72-F220-4730-B0BC-EDED3A2E09D0}
		{9F663129-DFAE-45C6-BA89-67898C244E35} = {16F2FFE3-777D-4F0C-A740-B55D0AD9C713}
		{703825CD-E5EE-4819-934F-623666DADBAD} = {9F663129-DFAE-45C6-BA89-67898C244E35}
		{B47B5F10-71D6-440F-8904-BB6C5B80EED5} = {9F663129-DFAE-45C6-BA89-67898C244E35}
		{DDA6C5DA-0032-42D6-AA69-BD0285E83D02} = {9F663129-DFAE-45C6-BA89-67898C244E35}
		{FF668ACD-8358-4577-805F-38ACFFAA2C64} = {9F663129-DFAE-45C6-BA89-67898C244E35}
		{7D98AD4B-DE7D-4FDA-A56D-34F3F4BAF5BC} = {9F663129-DFAE-45C6-BA89-67898C244E35}
		{F6A89800-B0AA-413B-B8C9-24688F4D0C60} = {9F663129-DFAE-45C6-BA89-67898C244E35}
		{E8405E00-EAAF-4B13-A9FC-65DA48AAE8F3} = {AF78CCD9-767D-446F-AEE9-49D3CF87DE8F}
		{2F892257-1FD6-4738-9EC2-B3B9344FAAC4} = {E8405E00-EAAF-4B13-A9FC-65DA48AAE8F3}
		{17F18BE6-B7C0-431C-AC05-49FEDAD9F502} = {E8405E00-EAAF-4B13-A9FC-65DA48AAE8F3}
		{0D4B2A70-7B27-4F3B-B340-8B609069FF3D} = {E8405E00-EAAF-4B13-A9FC-65DA48AAE8F3}
		{95F29F52-157F-4883-BF79-BC979C0EA6E5} = {9F663129-DFAE-45C6-BA89-67898C244E35}
		{61A6E150-FB14-4BEA-AB41-63B1DC8EBAAF} = {9F663129-DFAE-45C6-BA89-67898C244E35}
		{E73CACB4-108F-4914-A064-66AD466F9E6D} = {620739DE-DB2D-4950-8F35-967E3040E024}
	EndGlobalSection
	GlobalSection(ProjectConfigurationPlatforms) = postSolution
		{4EBC7ED0-45F9-47D1-8127-032168A35C70}.Debug|Any CPU.ActiveCfg = Debug|Any CPU
		{4EBC7ED0-45F9-47D1-8127-032168A35C70}.Debug|Any CPU.Build.0 = Debug|Any CPU
		{4EBC7ED0-45F9-47D1-8127-032168A35C70}.Release|Any CPU.ActiveCfg = Release|Any CPU
		{4EBC7ED0-45F9-47D1-8127-032168A35C70}.Release|Any CPU.Build.0 = Release|Any CPU
		{CB28ACA9-8A90-4A48-85B0-90B17D4A5A61}.Debug|Any CPU.ActiveCfg = Debug|Any CPU
		{CB28ACA9-8A90-4A48-85B0-90B17D4A5A61}.Debug|Any CPU.Build.0 = Debug|Any CPU
		{CB28ACA9-8A90-4A48-85B0-90B17D4A5A61}.Release|Any CPU.ActiveCfg = Release|Any CPU
		{CB28ACA9-8A90-4A48-85B0-90B17D4A5A61}.Release|Any CPU.Build.0 = Release|Any CPU
		{7C58CC5C-C87A-44C5-96C5-7E4D1A5EAE5A}.Debug|Any CPU.ActiveCfg = Debug|Any CPU
		{7C58CC5C-C87A-44C5-96C5-7E4D1A5EAE5A}.Debug|Any CPU.Build.0 = Debug|Any CPU
		{7C58CC5C-C87A-44C5-96C5-7E4D1A5EAE5A}.Release|Any CPU.ActiveCfg = Release|Any CPU
		{7C58CC5C-C87A-44C5-96C5-7E4D1A5EAE5A}.Release|Any CPU.Build.0 = Release|Any CPU
		{8524B044-74D1-433F-A70D-5F3B063459D8}.Debug|Any CPU.ActiveCfg = Debug|Any CPU
		{8524B044-74D1-433F-A70D-5F3B063459D8}.Debug|Any CPU.Build.0 = Debug|Any CPU
		{8524B044-74D1-433F-A70D-5F3B063459D8}.Release|Any CPU.ActiveCfg = Release|Any CPU
		{8524B044-74D1-433F-A70D-5F3B063459D8}.Release|Any CPU.Build.0 = Release|Any CPU
		{28667C77-66DD-4508-B625-D7BAE75BAA68}.Debug|Any CPU.ActiveCfg = Debug|Any CPU
		{28667C77-66DD-4508-B625-D7BAE75BAA68}.Debug|Any CPU.Build.0 = Debug|Any CPU
		{28667C77-66DD-4508-B625-D7BAE75BAA68}.Release|Any CPU.ActiveCfg = Release|Any CPU
		{28667C77-66DD-4508-B625-D7BAE75BAA68}.Release|Any CPU.Build.0 = Release|Any CPU
		{D7C74748-6639-4F74-AB47-1A377D61DB3F}.Debug|Any CPU.ActiveCfg = Debug|Any CPU
		{D7C74748-6639-4F74-AB47-1A377D61DB3F}.Debug|Any CPU.Build.0 = Debug|Any CPU
		{D7C74748-6639-4F74-AB47-1A377D61DB3F}.Release|Any CPU.ActiveCfg = Release|Any CPU
		{D7C74748-6639-4F74-AB47-1A377D61DB3F}.Release|Any CPU.Build.0 = Release|Any CPU
		{4153BC7E-160D-46CB-A7B6-496E7E47FD69}.Debug|Any CPU.ActiveCfg = Debug|Any CPU
		{4153BC7E-160D-46CB-A7B6-496E7E47FD69}.Debug|Any CPU.Build.0 = Debug|Any CPU
		{4153BC7E-160D-46CB-A7B6-496E7E47FD69}.Release|Any CPU.ActiveCfg = Release|Any CPU
		{4153BC7E-160D-46CB-A7B6-496E7E47FD69}.Release|Any CPU.Build.0 = Release|Any CPU
		{480302F0-9918-4710-A0AD-662A16FCCA7F}.Debug|Any CPU.ActiveCfg = Debug|Any CPU
		{480302F0-9918-4710-A0AD-662A16FCCA7F}.Debug|Any CPU.Build.0 = Debug|Any CPU
		{480302F0-9918-4710-A0AD-662A16FCCA7F}.Release|Any CPU.ActiveCfg = Release|Any CPU
		{480302F0-9918-4710-A0AD-662A16FCCA7F}.Release|Any CPU.Build.0 = Release|Any CPU
		{B76F7BA6-E68D-4F76-9007-B3AA48610818}.Debug|Any CPU.ActiveCfg = Debug|Any CPU
		{B76F7BA6-E68D-4F76-9007-B3AA48610818}.Debug|Any CPU.Build.0 = Debug|Any CPU
		{B76F7BA6-E68D-4F76-9007-B3AA48610818}.Release|Any CPU.ActiveCfg = Release|Any CPU
		{B76F7BA6-E68D-4F76-9007-B3AA48610818}.Release|Any CPU.Build.0 = Release|Any CPU
		{69A494B9-BED7-4FC9-BA76-B32E2BC31148}.Debug|Any CPU.ActiveCfg = Debug|Any CPU
		{69A494B9-BED7-4FC9-BA76-B32E2BC31148}.Debug|Any CPU.Build.0 = Debug|Any CPU
		{69A494B9-BED7-4FC9-BA76-B32E2BC31148}.Release|Any CPU.ActiveCfg = Release|Any CPU
		{69A494B9-BED7-4FC9-BA76-B32E2BC31148}.Release|Any CPU.Build.0 = Release|Any CPU
		{94BD0B19-EF95-4915-AD07-FA5BEB3947F9}.Debug|Any CPU.ActiveCfg = Debug|Any CPU
		{94BD0B19-EF95-4915-AD07-FA5BEB3947F9}.Debug|Any CPU.Build.0 = Debug|Any CPU
		{94BD0B19-EF95-4915-AD07-FA5BEB3947F9}.Release|Any CPU.ActiveCfg = Release|Any CPU
		{94BD0B19-EF95-4915-AD07-FA5BEB3947F9}.Release|Any CPU.Build.0 = Release|Any CPU
		{A5D931E8-0F85-430C-BB59-D8D7F4A12F0E}.Debug|Any CPU.ActiveCfg = Debug|Any CPU
		{A5D931E8-0F85-430C-BB59-D8D7F4A12F0E}.Debug|Any CPU.Build.0 = Debug|Any CPU
		{A5D931E8-0F85-430C-BB59-D8D7F4A12F0E}.Release|Any CPU.ActiveCfg = Release|Any CPU
		{A5D931E8-0F85-430C-BB59-D8D7F4A12F0E}.Release|Any CPU.Build.0 = Release|Any CPU
		{D6582A7E-DBBE-4A48-A55D-5456AF95031A}.Debug|Any CPU.ActiveCfg = Debug|Any CPU
		{D6582A7E-DBBE-4A48-A55D-5456AF95031A}.Debug|Any CPU.Build.0 = Debug|Any CPU
		{D6582A7E-DBBE-4A48-A55D-5456AF95031A}.Release|Any CPU.ActiveCfg = Release|Any CPU
		{D6582A7E-DBBE-4A48-A55D-5456AF95031A}.Release|Any CPU.Build.0 = Release|Any CPU
		{CBD53CD8-9790-4CE8-9A17-7040BA37FE19}.Debug|Any CPU.ActiveCfg = Debug|Any CPU
		{CBD53CD8-9790-4CE8-9A17-7040BA37FE19}.Debug|Any CPU.Build.0 = Debug|Any CPU
		{CBD53CD8-9790-4CE8-9A17-7040BA37FE19}.Release|Any CPU.ActiveCfg = Release|Any CPU
		{CBD53CD8-9790-4CE8-9A17-7040BA37FE19}.Release|Any CPU.Build.0 = Release|Any CPU
		{DF00B823-E18D-4655-B555-FBD7F7214E8C}.Debug|Any CPU.ActiveCfg = Debug|Any CPU
		{DF00B823-E18D-4655-B555-FBD7F7214E8C}.Debug|Any CPU.Build.0 = Debug|Any CPU
		{DF00B823-E18D-4655-B555-FBD7F7214E8C}.Release|Any CPU.ActiveCfg = Release|Any CPU
		{DF00B823-E18D-4655-B555-FBD7F7214E8C}.Release|Any CPU.Build.0 = Release|Any CPU
		{1D97B2B6-0BE0-435D-8C32-2C5D3D7DE25F}.Debug|Any CPU.ActiveCfg = Debug|Any CPU
		{1D97B2B6-0BE0-435D-8C32-2C5D3D7DE25F}.Debug|Any CPU.Build.0 = Debug|Any CPU
		{1D97B2B6-0BE0-435D-8C32-2C5D3D7DE25F}.Release|Any CPU.ActiveCfg = Release|Any CPU
		{1D97B2B6-0BE0-435D-8C32-2C5D3D7DE25F}.Release|Any CPU.Build.0 = Release|Any CPU
		{61148383-0190-4E64-BD0B-915B5C17599E}.Debug|Any CPU.ActiveCfg = Debug|Any CPU
		{61148383-0190-4E64-BD0B-915B5C17599E}.Debug|Any CPU.Build.0 = Debug|Any CPU
		{61148383-0190-4E64-BD0B-915B5C17599E}.Release|Any CPU.ActiveCfg = Release|Any CPU
		{61148383-0190-4E64-BD0B-915B5C17599E}.Release|Any CPU.Build.0 = Release|Any CPU
		{76C3B0C3-DD58-46D6-A611-F4148F980139}.Debug|Any CPU.ActiveCfg = Debug|Any CPU
		{76C3B0C3-DD58-46D6-A611-F4148F980139}.Debug|Any CPU.Build.0 = Debug|Any CPU
		{76C3B0C3-DD58-46D6-A611-F4148F980139}.Release|Any CPU.ActiveCfg = Release|Any CPU
		{76C3B0C3-DD58-46D6-A611-F4148F980139}.Release|Any CPU.Build.0 = Release|Any CPU
		{BF9B2670-5AD3-4623-B4DA-B9094DB085F3}.Debug|Any CPU.ActiveCfg = Debug|Any CPU
		{BF9B2670-5AD3-4623-B4DA-B9094DB085F3}.Debug|Any CPU.Build.0 = Debug|Any CPU
		{BF9B2670-5AD3-4623-B4DA-B9094DB085F3}.Release|Any CPU.ActiveCfg = Release|Any CPU
		{BF9B2670-5AD3-4623-B4DA-B9094DB085F3}.Release|Any CPU.Build.0 = Release|Any CPU
		{7536D140-6723-476E-8A69-6DCE1BC073FC}.Debug|Any CPU.ActiveCfg = Debug|Any CPU
		{7536D140-6723-476E-8A69-6DCE1BC073FC}.Debug|Any CPU.Build.0 = Debug|Any CPU
		{7536D140-6723-476E-8A69-6DCE1BC073FC}.Release|Any CPU.ActiveCfg = Release|Any CPU
		{7536D140-6723-476E-8A69-6DCE1BC073FC}.Release|Any CPU.Build.0 = Release|Any CPU
		{3349FE20-6EC9-481C-A42F-D3E862FB0369}.Debug|Any CPU.ActiveCfg = Debug|Any CPU
		{3349FE20-6EC9-481C-A42F-D3E862FB0369}.Debug|Any CPU.Build.0 = Debug|Any CPU
		{3349FE20-6EC9-481C-A42F-D3E862FB0369}.Release|Any CPU.ActiveCfg = Release|Any CPU
		{3349FE20-6EC9-481C-A42F-D3E862FB0369}.Release|Any CPU.Build.0 = Release|Any CPU
		{DBB9DF38-562F-4EA2-BEA1-686E0964F71C}.Debug|Any CPU.ActiveCfg = Debug|Any CPU
		{DBB9DF38-562F-4EA2-BEA1-686E0964F71C}.Debug|Any CPU.Build.0 = Debug|Any CPU
		{DBB9DF38-562F-4EA2-BEA1-686E0964F71C}.Release|Any CPU.ActiveCfg = Release|Any CPU
		{DBB9DF38-562F-4EA2-BEA1-686E0964F71C}.Release|Any CPU.Build.0 = Release|Any CPU
		{322F2A93-FEEB-4E34-BEE5-BFA2C48FA2DD}.Debug|Any CPU.ActiveCfg = Debug|Any CPU
		{322F2A93-FEEB-4E34-BEE5-BFA2C48FA2DD}.Debug|Any CPU.Build.0 = Debug|Any CPU
		{322F2A93-FEEB-4E34-BEE5-BFA2C48FA2DD}.Release|Any CPU.ActiveCfg = Release|Any CPU
		{322F2A93-FEEB-4E34-BEE5-BFA2C48FA2DD}.Release|Any CPU.Build.0 = Release|Any CPU
		{5DC4CEEE-AB63-42E3-92EF-6458C1CEF052}.Debug|Any CPU.ActiveCfg = Debug|Any CPU
		{5DC4CEEE-AB63-42E3-92EF-6458C1CEF052}.Debug|Any CPU.Build.0 = Debug|Any CPU
		{5DC4CEEE-AB63-42E3-92EF-6458C1CEF052}.Release|Any CPU.ActiveCfg = Release|Any CPU
		{5DC4CEEE-AB63-42E3-92EF-6458C1CEF052}.Release|Any CPU.Build.0 = Release|Any CPU
		{ECE864AA-EFF5-44F7-A712-0C10237F97C5}.Debug|Any CPU.ActiveCfg = Debug|Any CPU
		{ECE864AA-EFF5-44F7-A712-0C10237F97C5}.Debug|Any CPU.Build.0 = Debug|Any CPU
		{ECE864AA-EFF5-44F7-A712-0C10237F97C5}.Release|Any CPU.ActiveCfg = Release|Any CPU
		{ECE864AA-EFF5-44F7-A712-0C10237F97C5}.Release|Any CPU.Build.0 = Release|Any CPU
		{E9CEF781-7529-4F25-8862-C4BFE408CD29}.Debug|Any CPU.ActiveCfg = Debug|Any CPU
		{E9CEF781-7529-4F25-8862-C4BFE408CD29}.Debug|Any CPU.Build.0 = Debug|Any CPU
		{E9CEF781-7529-4F25-8862-C4BFE408CD29}.Release|Any CPU.ActiveCfg = Release|Any CPU
		{E9CEF781-7529-4F25-8862-C4BFE408CD29}.Release|Any CPU.Build.0 = Release|Any CPU
		{1F0060FF-2142-4646-9553-7A5719E679CC}.Debug|Any CPU.ActiveCfg = Debug|Any CPU
		{1F0060FF-2142-4646-9553-7A5719E679CC}.Debug|Any CPU.Build.0 = Debug|Any CPU
		{1F0060FF-2142-4646-9553-7A5719E679CC}.Release|Any CPU.ActiveCfg = Release|Any CPU
		{1F0060FF-2142-4646-9553-7A5719E679CC}.Release|Any CPU.Build.0 = Release|Any CPU
		{B48E3F25-22FB-4957-A6B3-60228B1ADEB4}.Debug|Any CPU.ActiveCfg = Debug|Any CPU
		{B48E3F25-22FB-4957-A6B3-60228B1ADEB4}.Debug|Any CPU.Build.0 = Debug|Any CPU
		{B48E3F25-22FB-4957-A6B3-60228B1ADEB4}.Release|Any CPU.ActiveCfg = Release|Any CPU
		{B48E3F25-22FB-4957-A6B3-60228B1ADEB4}.Release|Any CPU.Build.0 = Release|Any CPU
		{8E0DE5B3-1006-43B0-A810-7C5BA0948E78}.Debug|Any CPU.ActiveCfg = Debug|Any CPU
		{8E0DE5B3-1006-43B0-A810-7C5BA0948E78}.Debug|Any CPU.Build.0 = Debug|Any CPU
		{8E0DE5B3-1006-43B0-A810-7C5BA0948E78}.Release|Any CPU.ActiveCfg = Release|Any CPU
		{8E0DE5B3-1006-43B0-A810-7C5BA0948E78}.Release|Any CPU.Build.0 = Release|Any CPU
		{C14D01E8-7941-4807-ACA1-84BAF5FA7EB5}.Debug|Any CPU.ActiveCfg = Debug|Any CPU
		{C14D01E8-7941-4807-ACA1-84BAF5FA7EB5}.Debug|Any CPU.Build.0 = Debug|Any CPU
		{C14D01E8-7941-4807-ACA1-84BAF5FA7EB5}.Release|Any CPU.ActiveCfg = Release|Any CPU
		{C14D01E8-7941-4807-ACA1-84BAF5FA7EB5}.Release|Any CPU.Build.0 = Release|Any CPU
		{703825CD-E5EE-4819-934F-623666DADBAD}.Debug|Any CPU.ActiveCfg = Debug|Any CPU
		{703825CD-E5EE-4819-934F-623666DADBAD}.Debug|Any CPU.Build.0 = Debug|Any CPU
		{703825CD-E5EE-4819-934F-623666DADBAD}.Release|Any CPU.ActiveCfg = Release|Any CPU
		{703825CD-E5EE-4819-934F-623666DADBAD}.Release|Any CPU.Build.0 = Release|Any CPU
		{0D4B2A70-7B27-4F3B-B340-8B609069FF3D}.Debug|Any CPU.ActiveCfg = Debug|Any CPU
		{0D4B2A70-7B27-4F3B-B340-8B609069FF3D}.Debug|Any CPU.Build.0 = Debug|Any CPU
		{0D4B2A70-7B27-4F3B-B340-8B609069FF3D}.Release|Any CPU.ActiveCfg = Release|Any CPU
		{0D4B2A70-7B27-4F3B-B340-8B609069FF3D}.Release|Any CPU.Build.0 = Release|Any CPU
		{17F18BE6-B7C0-431C-AC05-49FEDAD9F502}.Debug|Any CPU.ActiveCfg = Debug|Any CPU
		{17F18BE6-B7C0-431C-AC05-49FEDAD9F502}.Debug|Any CPU.Build.0 = Debug|Any CPU
		{17F18BE6-B7C0-431C-AC05-49FEDAD9F502}.Release|Any CPU.ActiveCfg = Release|Any CPU
		{17F18BE6-B7C0-431C-AC05-49FEDAD9F502}.Release|Any CPU.Build.0 = Release|Any CPU
		{2F892257-1FD6-4738-9EC2-B3B9344FAAC4}.Debug|Any CPU.ActiveCfg = Debug|Any CPU
		{2F892257-1FD6-4738-9EC2-B3B9344FAAC4}.Debug|Any CPU.Build.0 = Debug|Any CPU
		{2F892257-1FD6-4738-9EC2-B3B9344FAAC4}.Release|Any CPU.ActiveCfg = Release|Any CPU
		{2F892257-1FD6-4738-9EC2-B3B9344FAAC4}.Release|Any CPU.Build.0 = Release|Any CPU
		{2E778567-333E-47C3-9F84-1C831B060F2E}.Debug|Any CPU.ActiveCfg = Debug|Any CPU
		{2E778567-333E-47C3-9F84-1C831B060F2E}.Debug|Any CPU.Build.0 = Debug|Any CPU
		{2E778567-333E-47C3-9F84-1C831B060F2E}.Release|Any CPU.ActiveCfg = Release|Any CPU
		{2E778567-333E-47C3-9F84-1C831B060F2E}.Release|Any CPU.Build.0 = Release|Any CPU
		{B47B5F10-71D6-440F-8904-BB6C5B80EED5}.Debug|Any CPU.ActiveCfg = Debug|Any CPU
		{B47B5F10-71D6-440F-8904-BB6C5B80EED5}.Debug|Any CPU.Build.0 = Debug|Any CPU
		{B47B5F10-71D6-440F-8904-BB6C5B80EED5}.Release|Any CPU.ActiveCfg = Release|Any CPU
		{B47B5F10-71D6-440F-8904-BB6C5B80EED5}.Release|Any CPU.Build.0 = Release|Any CPU
		{FF668ACD-8358-4577-805F-38ACFFAA2C64}.Debug|Any CPU.ActiveCfg = Debug|Any CPU
		{FF668ACD-8358-4577-805F-38ACFFAA2C64}.Debug|Any CPU.Build.0 = Debug|Any CPU
		{FF668ACD-8358-4577-805F-38ACFFAA2C64}.Release|Any CPU.ActiveCfg = Release|Any CPU
		{FF668ACD-8358-4577-805F-38ACFFAA2C64}.Release|Any CPU.Build.0 = Release|Any CPU
		{7D98AD4B-DE7D-4FDA-A56D-34F3F4BAF5BC}.Debug|Any CPU.ActiveCfg = Debug|Any CPU
		{7D98AD4B-DE7D-4FDA-A56D-34F3F4BAF5BC}.Debug|Any CPU.Build.0 = Debug|Any CPU
		{7D98AD4B-DE7D-4FDA-A56D-34F3F4BAF5BC}.Release|Any CPU.ActiveCfg = Release|Any CPU
		{7D98AD4B-DE7D-4FDA-A56D-34F3F4BAF5BC}.Release|Any CPU.Build.0 = Release|Any CPU
		{61A6E150-FB14-4BEA-AB41-63B1DC8EBAAF}.Debug|Any CPU.ActiveCfg = Debug|Any CPU
		{61A6E150-FB14-4BEA-AB41-63B1DC8EBAAF}.Debug|Any CPU.Build.0 = Debug|Any CPU
		{61A6E150-FB14-4BEA-AB41-63B1DC8EBAAF}.Release|Any CPU.ActiveCfg = Release|Any CPU
		{61A6E150-FB14-4BEA-AB41-63B1DC8EBAAF}.Release|Any CPU.Build.0 = Release|Any CPU
		{F6A89800-B0AA-413B-B8C9-24688F4D0C60}.Debug|Any CPU.ActiveCfg = Debug|Any CPU
		{F6A89800-B0AA-413B-B8C9-24688F4D0C60}.Debug|Any CPU.Build.0 = Debug|Any CPU
		{F6A89800-B0AA-413B-B8C9-24688F4D0C60}.Release|Any CPU.ActiveCfg = Release|Any CPU
		{F6A89800-B0AA-413B-B8C9-24688F4D0C60}.Release|Any CPU.Build.0 = Release|Any CPU
		{95F29F52-157F-4883-BF79-BC979C0EA6E5}.Debug|Any CPU.ActiveCfg = Debug|Any CPU
		{95F29F52-157F-4883-BF79-BC979C0EA6E5}.Debug|Any CPU.Build.0 = Debug|Any CPU
		{95F29F52-157F-4883-BF79-BC979C0EA6E5}.Release|Any CPU.ActiveCfg = Release|Any CPU
		{95F29F52-157F-4883-BF79-BC979C0EA6E5}.Release|Any CPU.Build.0 = Release|Any CPU
		{DDA6C5DA-0032-42D6-AA69-BD0285E83D02}.Debug|Any CPU.ActiveCfg = Debug|Any CPU
		{DDA6C5DA-0032-42D6-AA69-BD0285E83D02}.Debug|Any CPU.Build.0 = Debug|Any CPU
		{DDA6C5DA-0032-42D6-AA69-BD0285E83D02}.Release|Any CPU.ActiveCfg = Release|Any CPU
		{DDA6C5DA-0032-42D6-AA69-BD0285E83D02}.Release|Any CPU.Build.0 = Release|Any CPU
		{E73CACB4-108F-4914-A064-66AD466F9E6D}.Debug|Any CPU.ActiveCfg = Debug|Any CPU
		{E73CACB4-108F-4914-A064-66AD466F9E6D}.Debug|Any CPU.Build.0 = Debug|Any CPU
		{E73CACB4-108F-4914-A064-66AD466F9E6D}.Release|Any CPU.ActiveCfg = Release|Any CPU
		{E73CACB4-108F-4914-A064-66AD466F9E6D}.Release|Any CPU.Build.0 = Release|Any CPU
	EndGlobalSection
EndGlobal
